
Microsoft Visual Studio Solution File, Format Version 12.00
# Visual Studio Version 17
VisualStudioVersion = 17.7.34031.279
MinimumVisualStudioVersion = 10.0.40219.1
Project("{FAE04EC0-301F-11D3-BF4B-00C04F79EFBC}") = "imaginebeingsoassatthis", "imaginebeingsoassatthis.csproj", "{C33F6347-A1FD-4802-9F62-33424C5E1B7E}"
EndProject
Global
	GlobalSection(SolutionConfigurationPlatforms) = preSolution
		Debug|Any CPU = Debug|Any CPU
		Release|Any CPU = Release|Any CPU
	EndGlobalSection
	GlobalSection(ProjectConfigurationPlatforms) = postSolution
		{C33F6347-A1FD-4802-9F62-33424C5E1B7E}.Debug|Any CPU.ActiveCfg = Debug|Any CPU
		{C33F6347-A1FD-4802-9F62-33424C5E1B7E}.Debug|Any CPU.Build.0 = Debug|Any CPU
		{C33F6347-A1FD-4802-9F62-33424C5E1B7E}.Release|Any CPU.ActiveCfg = Release|Any CPU
		{C33F6347-A1FD-4802-9F62-33424C5E1B7E}.Release|Any CPU.Build.0 = Release|Any CPU
	EndGlobalSection
	GlobalSection(SolutionProperties) = preSolution
		HideSolutionNode = FALSE
	EndGlobalSection
	GlobalSection(ExtensibilityGlobals) = postSolution
		SolutionGuid = {F7F0532D-1C66-4E49-B866-AA0228E13090}
	EndGlobalSection
EndGlobal
